
Microsoft Visual Studio Solution File, Format Version 12.00
# Visual Studio Version 16
VisualStudioVersion = 16.0.31729.503
MinimumVisualStudioVersion = 10.0.40219.1
Project("{9A19103F-16F7-4668-BE54-9A1E7A4F7556}") = "Multiverse", "Multiverse\Multiverse.csproj", "{A9DC1851-688F-4422-9B93-024BC7118F3E}"
EndProject
Project("{9A19103F-16F7-4668-BE54-9A1E7A4F7556}") = "Multiverse.SimulationSandbox", "Multiverse.SimulationSandbox\Multiverse.SimulationSandbox.csproj", "{A04BE3A6-E02C-499E-814B-5DB0FFD872DD}"
EndProject
Project("{9A19103F-16F7-4668-BE54-9A1E7A4F7556}") = "Multiverse.SimpleUniverse", "Multiverse.SimpleUniverse\Multiverse.SimpleUniverse.csproj", "{1DBAAE45-021D-4CC5-A325-4B390CFC60A3}"
EndProject
Project("{9A19103F-16F7-4668-BE54-9A1E7A4F7556}") = "Multiverse.Scripting", "Multiverse.Scripting\Multiverse.Scripting.csproj", "{9D7B7BFF-2560-4627-9B9E-194511466188}"
EndProject
Project("{9A19103F-16F7-4668-BE54-9A1E7A4F7556}") = "Multiverse.Persistence.NHibernate", "Multiverse.Persistence.NHibernate\Multiverse.Persistence.NHibernate.csproj", "{3854542A-E0BE-43CA-88B1-F7A58483F782}"
EndProject
Project("{9A19103F-16F7-4668-BE54-9A1E7A4F7556}") = "Multiverse.Server", "Multiverse.Server\Multiverse.Server.csproj", "{E9816B92-4B0E-4602-B6C7-F98016423487}"
EndProject
Project("{FAE04EC0-301F-11D3-BF4B-00C04F79EFBC}") = "Multiverse.WebApp", "Multiverse.WebApp\Multiverse.WebApp.csproj", "{91B01043-8787-4D86-9580-2A014199681B}"
EndProject
Global
	GlobalSection(SolutionConfigurationPlatforms) = preSolution
		Debug|Any CPU = Debug|Any CPU
		Release|Any CPU = Release|Any CPU
	EndGlobalSection
	GlobalSection(ProjectConfigurationPlatforms) = postSolution
		{A9DC1851-688F-4422-9B93-024BC7118F3E}.Debug|Any CPU.ActiveCfg = Debug|Any CPU
		{A9DC1851-688F-4422-9B93-024BC7118F3E}.Debug|Any CPU.Build.0 = Debug|Any CPU
		{A9DC1851-688F-4422-9B93-024BC7118F3E}.Release|Any CPU.ActiveCfg = Release|Any CPU
		{A9DC1851-688F-4422-9B93-024BC7118F3E}.Release|Any CPU.Build.0 = Release|Any CPU
		{A04BE3A6-E02C-499E-814B-5DB0FFD872DD}.Debug|Any CPU.ActiveCfg = Debug|Any CPU
		{A04BE3A6-E02C-499E-814B-5DB0FFD872DD}.Debug|Any CPU.Build.0 = Debug|Any CPU
		{A04BE3A6-E02C-499E-814B-5DB0FFD872DD}.Release|Any CPU.ActiveCfg = Release|Any CPU
		{A04BE3A6-E02C-499E-814B-5DB0FFD872DD}.Release|Any CPU.Build.0 = Release|Any CPU
		{1DBAAE45-021D-4CC5-A325-4B390CFC60A3}.Debug|Any CPU.ActiveCfg = Debug|Any CPU
		{1DBAAE45-021D-4CC5-A325-4B390CFC60A3}.Debug|Any CPU.Build.0 = Debug|Any CPU
		{1DBAAE45-021D-4CC5-A325-4B390CFC60A3}.Release|Any CPU.ActiveCfg = Release|Any CPU
		{1DBAAE45-021D-4CC5-A325-4B390CFC60A3}.Release|Any CPU.Build.0 = Release|Any CPU
		{9D7B7BFF-2560-4627-9B9E-194511466188}.Debug|Any CPU.ActiveCfg = Debug|Any CPU
		{9D7B7BFF-2560-4627-9B9E-194511466188}.Debug|Any CPU.Build.0 = Debug|Any CPU
		{9D7B7BFF-2560-4627-9B9E-194511466188}.Release|Any CPU.ActiveCfg = Release|Any CPU
		{9D7B7BFF-2560-4627-9B9E-194511466188}.Release|Any CPU.Build.0 = Release|Any CPU
		{3854542A-E0BE-43CA-88B1-F7A58483F782}.Debug|Any CPU.ActiveCfg = Debug|Any CPU
		{3854542A-E0BE-43CA-88B1-F7A58483F782}.Debug|Any CPU.Build.0 = Debug|Any CPU
		{3854542A-E0BE-43CA-88B1-F7A58483F782}.Release|Any CPU.ActiveCfg = Release|Any CPU
		{3854542A-E0BE-43CA-88B1-F7A58483F782}.Release|Any CPU.Build.0 = Release|Any CPU
		{E9816B92-4B0E-4602-B6C7-F98016423487}.Debug|Any CPU.ActiveCfg = Debug|Any CPU
		{E9816B92-4B0E-4602-B6C7-F98016423487}.Debug|Any CPU.Build.0 = Debug|Any CPU
		{E9816B92-4B0E-4602-B6C7-F98016423487}.Release|Any CPU.ActiveCfg = Release|Any CPU
		{E9816B92-4B0E-4602-B6C7-F98016423487}.Release|Any CPU.Build.0 = Release|Any CPU
		{91B01043-8787-4D86-9580-2A014199681B}.Debug|Any CPU.ActiveCfg = Debug|Any CPU
		{91B01043-8787-4D86-9580-2A014199681B}.Debug|Any CPU.Build.0 = Debug|Any CPU
		{91B01043-8787-4D86-9580-2A014199681B}.Release|Any CPU.ActiveCfg = Release|Any CPU
		{91B01043-8787-4D86-9580-2A014199681B}.Release|Any CPU.Build.0 = Release|Any CPU
	EndGlobalSection
	GlobalSection(SolutionProperties) = preSolution
		HideSolutionNode = FALSE
	EndGlobalSection
	GlobalSection(ExtensibilityGlobals) = postSolution
		SolutionGuid = {8811F686-4572-4EEF-B1F1-EB8542668147}
	EndGlobalSection
EndGlobal
